
Microsoft Visual Studio Solution File, Format Version 11.00
# Visual Studio 2010
Project("{8BC9CEB8-8B4A-11D0-8D11-00A0C91BC942}") = "get_fileinformation", "get_fileinformation.vcxproj", "{E624F99C-84CE-4679-AB81-1EF388EA8D28}"
EndProject
Global
	GlobalSection(SolutionConfigurationPlatforms) = preSolution
		Debug|Win32 = Debug|Win32
		Debug|x64 = Debug|x64
		Release|Win32 = Release|Win32
		Release|x64 = Release|x64
	EndGlobalSection
	GlobalSection(ProjectConfigurationPlatforms) = postSolution
		{E624F99C-84CE-4679-AB81-1EF388EA8D28}.Debug|Win32.ActiveCfg = Debug|Win32
		{E624F99C-84CE-4679-AB81-1EF388EA8D28}.Debug|Win32.Build.0 = Debug|Win32
		{E624F99C-84CE-4679-AB81-1EF388EA8D28}.Debug|x64.ActiveCfg = Debug|x64
		{E624F99C-84CE-4679-AB81-1EF388EA8D28}.Debug|x64.Build.0 = Debug|x64
		{E624F99C-84CE-4679-AB81-1EF388EA8D28}.Release|Win32.ActiveCfg = Release|Win32
		{E624F99C-84CE-4679-AB81-1EF388EA8D28}.Release|Win32.Build.0 = Release|Win32
		{E624F99C-84CE-4679-AB81-1EF388EA8D28}.Release|x64.ActiveCfg = Release|x64
		{E624F99C-84CE-4679-AB81-1EF388EA8D28}.Release|x64.Build.0 = Release|x64
	EndGlobalSection
	GlobalSection(SolutionProperties) = preSolution
		HideSolutionNode = FALSE
	EndGlobalSection
EndGlobal
