
Microsoft Visual Studio Solution File, Format Version 12.00
# Visual Studio Version 17
VisualStudioVersion = 17.2.32630.192
MinimumVisualStudioVersion = 10.0.40219.1
Project("{8BC9CEB8-8B4A-11D0-8D11-00A0C91BC942}") = "Camera_Wrapper", "Camera_Wrapper\Camera_Wrapper.vcxproj", "{6FD1C290-9A11-41D6-B519-3DA1ADA18C98}"
EndProject
Project("{8BC9CEB8-8B4A-11D0-8D11-00A0C91BC942}") = "Testbench", "Testbench\Testbench.vcxproj", "{98BF540F-0200-4BA0-B333-91B103E5E219}"
	ProjectSection(ProjectDependencies) = postProject
		{02B27D26-2D84-4816-97BD-4547C0877ADD} = {02B27D26-2D84-4816-97BD-4547C0877ADD}
		{6FD1C290-9A11-41D6-B519-3DA1ADA18C98} = {6FD1C290-9A11-41D6-B519-3DA1ADA18C98}
	EndProjectSection
EndProject
Project("{8BC9CEB8-8B4A-11D0-8D11-00A0C91BC942}") = "CAMERA_WRAPPER_MEX", "CAMERA_WRAPPER_MEX\CAMERA_WRAPPER_MEX.vcxproj", "{9B67AB52-323D-4345-AEBC-4257D8EF8531}"
EndProject
Project("{8BC9CEB8-8B4A-11D0-8D11-00A0C91BC942}") = "Scanning_Device", "Scanning_Device\Scanning_Device.vcxproj", "{E25A18DA-4748-4439-8A80-9781E3C5059F}"
	ProjectSection(ProjectDependencies) = postProject
		{02B27D26-2D84-4816-97BD-4547C0877ADD} = {02B27D26-2D84-4816-97BD-4547C0877ADD}
		{6FD1C290-9A11-41D6-B519-3DA1ADA18C98} = {6FD1C290-9A11-41D6-B519-3DA1ADA18C98}
	EndProjectSection
EndProject
Project("{8BC9CEB8-8B4A-11D0-8D11-00A0C91BC942}") = "DAQ", "DAQ\DAQ.vcxproj", "{02B27D26-2D84-4816-97BD-4547C0877ADD}"
EndProject
Project("{8BC9CEB8-8B4A-11D0-8D11-00A0C91BC942}") = "DAQ_MEX", "DAQ_MEX\DAQ_MEX.vcxproj", "{0D9020D6-0C17-42BA-99AC-BA8006C265C5}"
	ProjectSection(ProjectDependencies) = postProject
		{02B27D26-2D84-4816-97BD-4547C0877ADD} = {02B27D26-2D84-4816-97BD-4547C0877ADD}
	EndProjectSection
EndProject
Project("{8BC9CEB8-8B4A-11D0-8D11-00A0C91BC942}") = "DAQ_Testbench", "DAQ_Testbench\DAQ_Testbench.vcxproj", "{E16E0644-4A5E-49E5-BA18-1F46B2A7200A}"
	ProjectSection(ProjectDependencies) = postProject
		{02B27D26-2D84-4816-97BD-4547C0877ADD} = {02B27D26-2D84-4816-97BD-4547C0877ADD}
		{E25A18DA-4748-4439-8A80-9781E3C5059F} = {E25A18DA-4748-4439-8A80-9781E3C5059F}
	EndProjectSection
EndProject
Project("{8BC9CEB8-8B4A-11D0-8D11-00A0C91BC942}") = "SCANNING_MEX", "SCANNING_MEX\SCANNING_MEX.vcxproj", "{29D6DD7D-4180-41C5-8C7E-5ACAEAE3F94C}"
	ProjectSection(ProjectDependencies) = postProject
		{02B27D26-2D84-4816-97BD-4547C0877ADD} = {02B27D26-2D84-4816-97BD-4547C0877ADD}
		{E25A18DA-4748-4439-8A80-9781E3C5059F} = {E25A18DA-4748-4439-8A80-9781E3C5059F}
	EndProjectSection
EndProject
Project("{2150E333-8FDC-42A3-9474-1A3956D46DE8}") = "Testbenches", "Testbenches", "{8D65BC18-26CC-4890-8B74-688D001F4F56}"
EndProject
Project("{2150E333-8FDC-42A3-9474-1A3956D46DE8}") = "DAQ_Devices", "DAQ_Devices", "{35476426-1C0A-4107-9B35-C83DBF897791}"
EndProject
Project("{2150E333-8FDC-42A3-9474-1A3956D46DE8}") = "Cameras and Displays", "Cameras and Displays", "{78449F61-1CDB-4E50-B230-CCCAC83E0251}"
EndProject
Project("{8BC9CEB8-8B4A-11D0-8D11-00A0C91BC942}") = "Zynq_Eth_Testbench", "Zynq_Eth_Testbench\Zynq_Eth_Testbench.vcxproj", "{086149CA-ADBB-43B6-8333-3769927B97EA}"
	ProjectSection(ProjectDependencies) = postProject
		{6E75712B-264E-43EA-B4A4-CE2262CA6484} = {6E75712B-264E-43EA-B4A4-CE2262CA6484}
	EndProjectSection
EndProject
Project("{2150E333-8FDC-42A3-9474-1A3956D46DE8}") = "Patterning_Devices", "Patterning_Devices", "{681CEF3D-F983-47A0-A44C-EC3A74ADB575}"
EndProject
Project("{8BC9CEB8-8B4A-11D0-8D11-00A0C91BC942}") = "DMD", "DMD\DMD.vcxproj", "{A4990675-F0F5-4880-97EA-B4D1341F5562}"
EndProject
Project("{8BC9CEB8-8B4A-11D0-8D11-00A0C91BC942}") = "DMD_MEX", "DMD_MEX\DMD_MEX.vcxproj", "{0C754450-AA77-40D7-AE89-AE6DD10DF1FF}"
	ProjectSection(ProjectDependencies) = postProject
		{A4990675-F0F5-4880-97EA-B4D1341F5562} = {A4990675-F0F5-4880-97EA-B4D1341F5562}
	EndProjectSection
EndProject
Project("{8BC9CEB8-8B4A-11D0-8D11-00A0C91BC942}") = "DMD_Testbench", "DMD_Testbench\DMD_Testbench.vcxproj", "{E543C23C-4144-41AC-85D0-66FE5456C71D}"
	ProjectSection(ProjectDependencies) = postProject
		{A4990675-F0F5-4880-97EA-B4D1341F5562} = {A4990675-F0F5-4880-97EA-B4D1341F5562}
	EndProjectSection
EndProject
Global
	GlobalSection(SolutionConfigurationPlatforms) = preSolution
		Debug|x64 = Debug|x64
		Debug|x86 = Debug|x86
		Release|x64 = Release|x64
		Release|x86 = Release|x86
	EndGlobalSection
	GlobalSection(ProjectConfigurationPlatforms) = postSolution
		{6FD1C290-9A11-41D6-B519-3DA1ADA18C98}.Debug|x64.ActiveCfg = Debug|x64
		{6FD1C290-9A11-41D6-B519-3DA1ADA18C98}.Debug|x64.Build.0 = Debug|x64
		{6FD1C290-9A11-41D6-B519-3DA1ADA18C98}.Debug|x86.ActiveCfg = Debug|Win32
		{6FD1C290-9A11-41D6-B519-3DA1ADA18C98}.Debug|x86.Build.0 = Debug|Win32
		{6FD1C290-9A11-41D6-B519-3DA1ADA18C98}.Release|x64.ActiveCfg = Release|x64
		{6FD1C290-9A11-41D6-B519-3DA1ADA18C98}.Release|x64.Build.0 = Release|x64
		{6FD1C290-9A11-41D6-B519-3DA1ADA18C98}.Release|x86.ActiveCfg = Release|Win32
		{6FD1C290-9A11-41D6-B519-3DA1ADA18C98}.Release|x86.Build.0 = Release|Win32
		{98BF540F-0200-4BA0-B333-91B103E5E219}.Debug|x64.ActiveCfg = Debug|x64
		{98BF540F-0200-4BA0-B333-91B103E5E219}.Debug|x64.Build.0 = Debug|x64
		{98BF540F-0200-4BA0-B333-91B103E5E219}.Debug|x86.ActiveCfg = Debug|Win32
		{98BF540F-0200-4BA0-B333-91B103E5E219}.Debug|x86.Build.0 = Debug|Win32
		{98BF540F-0200-4BA0-B333-91B103E5E219}.Release|x64.ActiveCfg = Release|x64
		{98BF540F-0200-4BA0-B333-91B103E5E219}.Release|x64.Build.0 = Release|x64
		{98BF540F-0200-4BA0-B333-91B103E5E219}.Release|x86.ActiveCfg = Release|Win32
		{98BF540F-0200-4BA0-B333-91B103E5E219}.Release|x86.Build.0 = Release|Win32
		{9B67AB52-323D-4345-AEBC-4257D8EF8531}.Debug|x64.ActiveCfg = Debug|x64
		{9B67AB52-323D-4345-AEBC-4257D8EF8531}.Debug|x64.Build.0 = Debug|x64
		{9B67AB52-323D-4345-AEBC-4257D8EF8531}.Debug|x86.ActiveCfg = Debug|Win32
		{9B67AB52-323D-4345-AEBC-4257D8EF8531}.Debug|x86.Build.0 = Debug|Win32
		{9B67AB52-323D-4345-AEBC-4257D8EF8531}.Release|x64.ActiveCfg = Release|x64
		{9B67AB52-323D-4345-AEBC-4257D8EF8531}.Release|x64.Build.0 = Release|x64
		{9B67AB52-323D-4345-AEBC-4257D8EF8531}.Release|x86.ActiveCfg = Release|Win32
		{9B67AB52-323D-4345-AEBC-4257D8EF8531}.Release|x86.Build.0 = Release|Win32
		{E25A18DA-4748-4439-8A80-9781E3C5059F}.Debug|x64.ActiveCfg = Debug|x64
		{E25A18DA-4748-4439-8A80-9781E3C5059F}.Debug|x64.Build.0 = Debug|x64
		{E25A18DA-4748-4439-8A80-9781E3C5059F}.Debug|x86.ActiveCfg = Debug|Win32
		{E25A18DA-4748-4439-8A80-9781E3C5059F}.Debug|x86.Build.0 = Debug|Win32
		{E25A18DA-4748-4439-8A80-9781E3C5059F}.Release|x64.ActiveCfg = Release|x64
		{E25A18DA-4748-4439-8A80-9781E3C5059F}.Release|x64.Build.0 = Release|x64
		{E25A18DA-4748-4439-8A80-9781E3C5059F}.Release|x86.ActiveCfg = Release|Win32
		{E25A18DA-4748-4439-8A80-9781E3C5059F}.Release|x86.Build.0 = Release|Win32
		{02B27D26-2D84-4816-97BD-4547C0877ADD}.Debug|x64.ActiveCfg = Debug|x64
		{02B27D26-2D84-4816-97BD-4547C0877ADD}.Debug|x64.Build.0 = Debug|x64
		{02B27D26-2D84-4816-97BD-4547C0877ADD}.Debug|x86.ActiveCfg = Debug|Win32
		{02B27D26-2D84-4816-97BD-4547C0877ADD}.Debug|x86.Build.0 = Debug|Win32
		{02B27D26-2D84-4816-97BD-4547C0877ADD}.Release|x64.ActiveCfg = Release|x64
		{02B27D26-2D84-4816-97BD-4547C0877ADD}.Release|x64.Build.0 = Release|x64
		{02B27D26-2D84-4816-97BD-4547C0877ADD}.Release|x86.ActiveCfg = Release|Win32
		{02B27D26-2D84-4816-97BD-4547C0877ADD}.Release|x86.Build.0 = Release|Win32
		{0D9020D6-0C17-42BA-99AC-BA8006C265C5}.Debug|x64.ActiveCfg = Debug|x64
		{0D9020D6-0C17-42BA-99AC-BA8006C265C5}.Debug|x64.Build.0 = Debug|x64
		{0D9020D6-0C17-42BA-99AC-BA8006C265C5}.Debug|x86.ActiveCfg = Debug|Win32
		{0D9020D6-0C17-42BA-99AC-BA8006C265C5}.Debug|x86.Build.0 = Debug|Win32
		{0D9020D6-0C17-42BA-99AC-BA8006C265C5}.Release|x64.ActiveCfg = Release|x64
		{0D9020D6-0C17-42BA-99AC-BA8006C265C5}.Release|x64.Build.0 = Release|x64
		{0D9020D6-0C17-42BA-99AC-BA8006C265C5}.Release|x86.ActiveCfg = Release|Win32
		{0D9020D6-0C17-42BA-99AC-BA8006C265C5}.Release|x86.Build.0 = Release|Win32
		{E16E0644-4A5E-49E5-BA18-1F46B2A7200A}.Debug|x64.ActiveCfg = Debug|x64
		{E16E0644-4A5E-49E5-BA18-1F46B2A7200A}.Debug|x64.Build.0 = Debug|x64
		{E16E0644-4A5E-49E5-BA18-1F46B2A7200A}.Debug|x86.ActiveCfg = Debug|Win32
		{E16E0644-4A5E-49E5-BA18-1F46B2A7200A}.Debug|x86.Build.0 = Debug|Win32
		{E16E0644-4A5E-49E5-BA18-1F46B2A7200A}.Release|x64.ActiveCfg = Release|x64
		{E16E0644-4A5E-49E5-BA18-1F46B2A7200A}.Release|x64.Build.0 = Release|x64
		{E16E0644-4A5E-49E5-BA18-1F46B2A7200A}.Release|x86.ActiveCfg = Release|Win32
		{E16E0644-4A5E-49E5-BA18-1F46B2A7200A}.Release|x86.Build.0 = Release|Win32
		{29D6DD7D-4180-41C5-8C7E-5ACAEAE3F94C}.Debug|x64.ActiveCfg = Debug|x64
		{29D6DD7D-4180-41C5-8C7E-5ACAEAE3F94C}.Debug|x64.Build.0 = Debug|x64
		{29D6DD7D-4180-41C5-8C7E-5ACAEAE3F94C}.Debug|x86.ActiveCfg = Debug|Win32
		{29D6DD7D-4180-41C5-8C7E-5ACAEAE3F94C}.Debug|x86.Build.0 = Debug|Win32
		{29D6DD7D-4180-41C5-8C7E-5ACAEAE3F94C}.Release|x64.ActiveCfg = Release|x64
		{29D6DD7D-4180-41C5-8C7E-5ACAEAE3F94C}.Release|x64.Build.0 = Release|x64
		{29D6DD7D-4180-41C5-8C7E-5ACAEAE3F94C}.Release|x86.ActiveCfg = Release|Win32
		{29D6DD7D-4180-41C5-8C7E-5ACAEAE3F94C}.Release|x86.Build.0 = Release|Win32
		{6E75712B-264E-43EA-B4A4-CE2262CA6484}.Debug|x64.ActiveCfg = Debug|x64
		{6E75712B-264E-43EA-B4A4-CE2262CA6484}.Debug|x64.Build.0 = Debug|x64
		{6E75712B-264E-43EA-B4A4-CE2262CA6484}.Debug|x86.ActiveCfg = Debug|Win32
		{6E75712B-264E-43EA-B4A4-CE2262CA6484}.Debug|x86.Build.0 = Debug|Win32
		{6E75712B-264E-43EA-B4A4-CE2262CA6484}.Release|x64.ActiveCfg = Release|x64
		{6E75712B-264E-43EA-B4A4-CE2262CA6484}.Release|x64.Build.0 = Release|x64
		{6E75712B-264E-43EA-B4A4-CE2262CA6484}.Release|x86.ActiveCfg = Release|Win32
		{6E75712B-264E-43EA-B4A4-CE2262CA6484}.Release|x86.Build.0 = Release|Win32
		{EFF53F98-B3C7-4AEC-8DA8-071EC2AA8A2A}.Debug|x64.ActiveCfg = Debug|x64
		{EFF53F98-B3C7-4AEC-8DA8-071EC2AA8A2A}.Debug|x64.Build.0 = Debug|x64
		{EFF53F98-B3C7-4AEC-8DA8-071EC2AA8A2A}.Debug|x86.ActiveCfg = Debug|Win32
		{EFF53F98-B3C7-4AEC-8DA8-071EC2AA8A2A}.Debug|x86.Build.0 = Debug|Win32
		{EFF53F98-B3C7-4AEC-8DA8-071EC2AA8A2A}.Release|x64.ActiveCfg = Release|x64
		{EFF53F98-B3C7-4AEC-8DA8-071EC2AA8A2A}.Release|x64.Build.0 = Release|x64
		{EFF53F98-B3C7-4AEC-8DA8-071EC2AA8A2A}.Release|x86.ActiveCfg = Release|Win32
		{EFF53F98-B3C7-4AEC-8DA8-071EC2AA8A2A}.Release|x86.Build.0 = Release|Win32
		{086149CA-ADBB-43B6-8333-3769927B97EA}.Debug|x64.ActiveCfg = Debug|x64
		{086149CA-ADBB-43B6-8333-3769927B97EA}.Debug|x64.Build.0 = Debug|x64
		{086149CA-ADBB-43B6-8333-3769927B97EA}.Debug|x86.ActiveCfg = Debug|Win32
		{086149CA-ADBB-43B6-8333-3769927B97EA}.Debug|x86.Build.0 = Debug|Win32
		{086149CA-ADBB-43B6-8333-3769927B97EA}.Release|x64.ActiveCfg = Release|x64
		{086149CA-ADBB-43B6-8333-3769927B97EA}.Release|x64.Build.0 = Release|x64
		{086149CA-ADBB-43B6-8333-3769927B97EA}.Release|x86.ActiveCfg = Release|Win32
		{086149CA-ADBB-43B6-8333-3769927B97EA}.Release|x86.Build.0 = Release|Win32
		{A4990675-F0F5-4880-97EA-B4D1341F5562}.Debug|x64.ActiveCfg = Debug|x64
		{A4990675-F0F5-4880-97EA-B4D1341F5562}.Debug|x64.Build.0 = Debug|x64
		{A4990675-F0F5-4880-97EA-B4D1341F5562}.Debug|x86.ActiveCfg = Debug|Win32
		{A4990675-F0F5-4880-97EA-B4D1341F5562}.Debug|x86.Build.0 = Debug|Win32
		{A4990675-F0F5-4880-97EA-B4D1341F5562}.Release|x64.ActiveCfg = Release|x64
		{A4990675-F0F5-4880-97EA-B4D1341F5562}.Release|x64.Build.0 = Release|x64
		{A4990675-F0F5-4880-97EA-B4D1341F5562}.Release|x86.ActiveCfg = Release|Win32
		{A4990675-F0F5-4880-97EA-B4D1341F5562}.Release|x86.Build.0 = Release|Win32
		{0C754450-AA77-40D7-AE89-AE6DD10DF1FF}.Debug|x64.ActiveCfg = Debug|x64
		{0C754450-AA77-40D7-AE89-AE6DD10DF1FF}.Debug|x64.Build.0 = Debug|x64
		{0C754450-AA77-40D7-AE89-AE6DD10DF1FF}.Debug|x86.ActiveCfg = Debug|Win32
		{0C754450-AA77-40D7-AE89-AE6DD10DF1FF}.Debug|x86.Build.0 = Debug|Win32
		{0C754450-AA77-40D7-AE89-AE6DD10DF1FF}.Release|x64.ActiveCfg = Release|x64
		{0C754450-AA77-40D7-AE89-AE6DD10DF1FF}.Release|x64.Build.0 = Release|x64
		{0C754450-AA77-40D7-AE89-AE6DD10DF1FF}.Release|x86.ActiveCfg = Release|Win32
		{0C754450-AA77-40D7-AE89-AE6DD10DF1FF}.Release|x86.Build.0 = Release|Win32
		{E543C23C-4144-41AC-85D0-66FE5456C71D}.Debug|x64.ActiveCfg = Debug|x64
		{E543C23C-4144-41AC-85D0-66FE5456C71D}.Debug|x64.Build.0 = Debug|x64
		{E543C23C-4144-41AC-85D0-66FE5456C71D}.Debug|x86.ActiveCfg = Debug|Win32
		{E543C23C-4144-41AC-85D0-66FE5456C71D}.Debug|x86.Build.0 = Debug|Win32
		{E543C23C-4144-41AC-85D0-66FE5456C71D}.Release|x64.ActiveCfg = Release|x64
		{E543C23C-4144-41AC-85D0-66FE5456C71D}.Release|x64.Build.0 = Release|x64
		{E543C23C-4144-41AC-85D0-66FE5456C71D}.Release|x86.ActiveCfg = Release|Win32
		{E543C23C-4144-41AC-85D0-66FE5456C71D}.Release|x86.Build.0 = Release|Win32
		{40E86755-8A4A-4EE2-A7EE-C0B22D3612F3}.Debug|x64.ActiveCfg = Debug|x64
		{40E86755-8A4A-4EE2-A7EE-C0B22D3612F3}.Debug|x64.Build.0 = Debug|x64
		{40E86755-8A4A-4EE2-A7EE-C0B22D3612F3}.Debug|x86.ActiveCfg = Debug|Win32
		{40E86755-8A4A-4EE2-A7EE-C0B22D3612F3}.Debug|x86.Build.0 = Debug|Win32
		{40E86755-8A4A-4EE2-A7EE-C0B22D3612F3}.Release|x64.ActiveCfg = Release|x64
		{40E86755-8A4A-4EE2-A7EE-C0B22D3612F3}.Release|x64.Build.0 = Release|x64
		{40E86755-8A4A-4EE2-A7EE-C0B22D3612F3}.Release|x86.ActiveCfg = Release|Win32
		{40E86755-8A4A-4EE2-A7EE-C0B22D3612F3}.Release|x86.Build.0 = Release|Win32
	EndGlobalSection
	GlobalSection(SolutionProperties) = preSolution
		HideSolutionNode = FALSE
	EndGlobalSection
	GlobalSection(NestedProjects) = preSolution
		{6FD1C290-9A11-41D6-B519-3DA1ADA18C98} = {78449F61-1CDB-4E50-B230-CCCAC83E0251}
		{98BF540F-0200-4BA0-B333-91B103E5E219} = {8D65BC18-26CC-4890-8B74-688D001F4F56}
		{9B67AB52-323D-4345-AEBC-4257D8EF8531} = {78449F61-1CDB-4E50-B230-CCCAC83E0251}
		{E25A18DA-4748-4439-8A80-9781E3C5059F} = {35476426-1C0A-4107-9B35-C83DBF897791}
		{02B27D26-2D84-4816-97BD-4547C0877ADD} = {35476426-1C0A-4107-9B35-C83DBF897791}
		{0D9020D6-0C17-42BA-99AC-BA8006C265C5} = {35476426-1C0A-4107-9B35-C83DBF897791}
		{E16E0644-4A5E-49E5-BA18-1F46B2A7200A} = {8D65BC18-26CC-4890-8B74-688D001F4F56}
		{29D6DD7D-4180-41C5-8C7E-5ACAEAE3F94C} = {35476426-1C0A-4107-9B35-C83DBF897791}
		{6E75712B-264E-43EA-B4A4-CE2262CA6484} = {35476426-1C0A-4107-9B35-C83DBF897791}
		{EFF53F98-B3C7-4AEC-8DA8-071EC2AA8A2A} = {35476426-1C0A-4107-9B35-C83DBF897791}
		{086149CA-ADBB-43B6-8333-3769927B97EA} = {8D65BC18-26CC-4890-8B74-688D001F4F56}
		{A4990675-F0F5-4880-97EA-B4D1341F5562} = {681CEF3D-F983-47A0-A44C-EC3A74ADB575}
		{0C754450-AA77-40D7-AE89-AE6DD10DF1FF} = {681CEF3D-F983-47A0-A44C-EC3A74ADB575}
		{E543C23C-4144-41AC-85D0-66FE5456C71D} = {8D65BC18-26CC-4890-8B74-688D001F4F56}
		{40E86755-8A4A-4EE2-A7EE-C0B22D3612F3} = {8D65BC18-26CC-4890-8B74-688D001F4F56}
	EndGlobalSection
	GlobalSection(ExtensibilityGlobals) = postSolution
		SolutionGuid = {EEBB16D8-DB19-461F-9C3A-6C72DDF666D4}
	EndGlobalSection
EndGlobal
