<?xml version="1.0" encoding="utf-8"?>
<Project ToolsVersion="4.0" xmlns="http://schemas.microsoft.com/developer/msbuild/2003">
  <ItemGroup>
    <Filter Include="Source Files">
      <UniqueIdentifier>{4FC737F1-C7A5-4376-A066-2A32D752A2FF}</UniqueIdentifier>
      <Extensions>cpp;c;cc;cxx;def;odl;idl;hpj;bat;asm;asmx</Extensions>
    </Filter>
    <Filter Include="Header Files">
      <UniqueIdentifier>{93995380-89BD-4b04-88EB-625FBE52EBFB}</UniqueIdentifier>
      <Extensions>h;hh;hpp;hxx;hm;inl;inc;ipp;xsd</Extensions>
    </Filter>
    <Filter Include="Resource Files">
      <UniqueIdentifier>{67DA6AB6-F800-4c08-8B7A-83BB121AAD01}</UniqueIdentifier>
      <Extensions>rc;ico;cur;bmp;dlg;rc2;rct;bin;rgs;gif;jpg;jpeg;jpe;resx;tiff;tif;png;wav;mfcribbon-ms</Extensions>
    </Filter>
    <Filter Include="Header Files\Devices">
      <UniqueIdentifier>{9a5b95c6-b2f5-4201-a1dc-e338492465f5}</UniqueIdentifier>
    </Filter>
    <Filter Include="Source Files\Display">
      <UniqueIdentifier>{771f9478-f329-465f-9bbf-5aa04c65638c}</UniqueIdentifier>
    </Filter>
    <Filter Include="Source Files\Devices">
      <UniqueIdentifier>{6b5d9e31-0f9a-43b5-8d3a-3906d5690779}</UniqueIdentifier>
    </Filter>
    <Filter Include="Header Files\Display">
      <UniqueIdentifier>{7cb75dee-d53a-4eca-b7c1-566351064eae}</UniqueIdentifier>
    </Filter>
  </ItemGroup>
  <ItemGroup>
    <None Include="cpp.hint" />
  </ItemGroup>
  <ItemGroup>
    <ClInclude Include="Cam_Wrapper.h">
      <Filter>Header Files</Filter>
    </ClInclude>
    <ClInclude Include="Circular_Buffer.h">
      <Filter>Header Files</Filter>
    </ClInclude>
    <ClInclude Include="Andor_Cam.h">
      <Filter>Header Files\Devices</Filter>
    </ClInclude>
    <ClInclude Include="Cam_Control.h">
      <Filter>Header Files\Devices</Filter>
    </ClInclude>
    <ClInclude Include="Cam_Emulator.h">
      <Filter>Header Files\Devices</Filter>
    </ClInclude>
    <ClInclude Include="Hamamatsu_Cam.h">
      <Filter>Header Files\Devices</Filter>
    </ClInclude>
    <ClInclude Include="Streaming_Device.h">
      <Filter>Header Files\Devices</Filter>
    </ClInclude>
    <ClInclude Include="dcimg2bin.h">
      <Filter>Header Files\Devices</Filter>
    </ClInclude>
    <ClInclude Include="pch.h">
      <Filter>Header Files\Devices</Filter>
    </ClInclude>
    <ClInclude Include="StreamDisplayHD.h">
      <Filter>Header Files\Display</Filter>
    </ClInclude>
    <ClInclude Include="CamFrame.h">
      <Filter>Header Files\Display</Filter>
    </ClInclude>
    <ClInclude Include="Params_disp.h">
      <Filter>Header Files\Display</Filter>
    </ClInclude>
    <ClInclude Include="framework.h">
      <Filter>Header Files\Devices</Filter>
    </ClInclude>
    <ClInclude Include="..\Utilities\InstructionSet.h">
      <Filter>Header Files</Filter>
    </ClInclude>
    <ClInclude Include="CommonPV.h">
      <Filter>Header Files</Filter>
    </ClInclude>
    <ClInclude Include="Kinetix_Cam.h">
      <Filter>Header Files\Devices</Filter>
    </ClInclude>
    <!-- <ClInclude Include="Kinetix_Cam.h">
      <Filter>Header Files\Devices</Filter>
    </ClInclude>
    <ClInclude Include="CommonPV.h">
      <Filter>Header Files\Devices</Filter>
    </ClInclude> -->
  </ItemGroup>
  <ItemGroup>
    <ClCompile Include="Cam_Wrapper.cpp">
      <Filter>Source Files</Filter>
    </ClCompile>
    <ClCompile Include="dllmain.cpp">
      <Filter>Source Files</Filter>
    </ClCompile>
    <ClCompile Include="StreamDisplayHD.cpp">
      <Filter>Source Files\Display</Filter>
    </ClCompile>
    <ClCompile Include="Andor_Cam.cpp">
      <Filter>Source Files\Devices</Filter>
    </ClCompile>
    <ClCompile Include="Cam_Emulator.cpp">
      <Filter>Source Files\Devices</Filter>
    </ClCompile>
    <ClCompile Include="dcimg2bin.cpp">
      <Filter>Source Files\Devices</Filter>
    </ClCompile>
    <ClCompile Include="Hamamatsu_Cam.cpp">
      <Filter>Source Files\Devices</Filter>
    </ClCompile>
    <ClCompile Include="pch.cpp">
      <Filter>Source Files\Devices</Filter>
    </ClCompile>
    <!-- <ClCompile Include="Kinetix_Cam.cpp">
      <Filter>Source Files\Devices</Filter>
    </ClCompile>
    <ClCompile Include="CommonPV.cpp">
      <Filter>Source Files\Devices</Filter>
    </ClCompile> -->
    <ClCompile Include="Hamamatsu_common.cpp">
      <Filter>Source Files\Devices</Filter>
    </ClCompile>
    <ClCompile Include="Kinetix_Cam.cpp">
      <Filter>Source Files</Filter>
    </ClCompile>
    <ClCompile Include="CommonPV.cpp">
      <Filter>Source Files</Filter>
    </ClCompile>
  </ItemGroup>
  <ItemGroup>
    <CopyFileToFolders Include="..\inc\SDL2-2.0.12\lib\x64\SDL2.dll" />
  </ItemGroup>
</Project>