<?xml version="1.0" encoding="utf-8"?>
<Project ToolsVersion="4.0" xmlns="http://schemas.microsoft.com/developer/msbuild/2003">
  <ItemGroup>
    <Filter Include="Source Files">
      <UniqueIdentifier>{4FC737F1-C7A5-4376-A066-2A32D752A2FF}</UniqueIdentifier>
      <Extensions>cpp;c;cc;cxx;def;odl;idl;hpj;bat;asm;asmx</Extensions>
    </Filter>
    <Filter Include="Header Files">
      <UniqueIdentifier>{93995380-89BD-4b04-88EB-625FBE52EBFB}</UniqueIdentifier>
      <Extensions>h;hh;hpp;hxx;hm;inl;inc;ipp;xsd</Extensions>
    </Filter>
    <Filter Include="Resource Files">
      <UniqueIdentifier>{67DA6AB6-F800-4c08-8B7A-83BB121AAD01}</UniqueIdentifier>
      <Extensions>rc;ico;cur;bmp;dlg;rc2;rct;bin;rgs;gif;jpg;jpeg;jpe;resx;tiff;tif;png;wav;mfcribbon-ms</Extensions>
    </Filter>
    <Filter Include="Source Files\Vendor_Specific_Utilities">
      <UniqueIdentifier>{6d7d2e86-1ceb-4717-8e0b-f1741878213e}</UniqueIdentifier>
    </Filter>
    <Filter Include="Header Files\Vendor_Specific_Drivers">
      <UniqueIdentifier>{c66645eb-d931-44c2-ab95-31fa9cfb91d7}</UniqueIdentifier>
    </Filter>
  </ItemGroup>
  <ItemGroup>
    <ClCompile Include="DAQ_Task.cpp">
      <Filter>Source Files</Filter>
    </ClCompile>
    <ClCompile Include="DAQ_Channel.cpp">
      <Filter>Source Files</Filter>
    </ClCompile>
    <ClCompile Include="DAQ_Buffered_Task.cpp">
      <Filter>Source Files</Filter>
    </ClCompile>
    <ClCompile Include="DAQ_OnDemand_Task.cpp">
      <Filter>Source Files</Filter>
    </ClCompile>
    <ClCompile Include="NI_DAQmx_Vendor_Package.cpp">
      <Filter>Source Files\Vendor_Specific_Utilities</Filter>
    </ClCompile>
  </ItemGroup>
  <ItemGroup>
    <ClInclude Include="DAQ_Task.h">
      <Filter>Header Files</Filter>
    </ClInclude>
    <ClInclude Include="DAQ_Channel.h">
      <Filter>Header Files</Filter>
    </ClInclude>
    <ClInclude Include="DAQ_Buffered_Task.h">
      <Filter>Header Files</Filter>
    </ClInclude>
    <ClInclude Include="DAQ_OnDemand_Task.h">
      <Filter>Header Files</Filter>
    </ClInclude>
    <ClInclude Include="DAQ_Vendor_Package.h">
      <Filter>Header Files\Vendor_Specific_Drivers</Filter>
    </ClInclude>
    <ClInclude Include="NI_DAQmx_Vendor_Package.h">
      <Filter>Header Files\Vendor_Specific_Drivers</Filter>
    </ClInclude>
    <ClInclude Include="DAQ_Utilities.h">
      <Filter>Header Files</Filter>
    </ClInclude>
    <ClInclude Include="DAQ_Vendors.h">
      <Filter>Header Files\Vendor_Specific_Drivers</Filter>
    </ClInclude>
  </ItemGroup>
</Project>